
Microsoft Visual Studio Solution File, Format Version 12.00
# Visual Studio Version 17
VisualStudioVersion = 17.8.34525.116
MinimumVisualStudioVersion = 10.0.40219.1
Project("{FAE04EC0-301F-11D3-BF4B-00C04F79EFBC}") = "LoanApp.Server", "LoanApp.Server\LoanApp.Server.csproj", "{9103B308-FF92-4C7C-9B71-93E5957F40E4}"
EndProject
Project("{54A90642-561A-4BB1-A94E-469ADEE60C69}") = "loanapp.client", "loanapp.client\loanapp.client.esproj", "{D5213844-B0D9-4EB7-82ED-4EF36C3EECBB}"
EndProject
Global
	GlobalSection(SolutionConfigurationPlatforms) = preSolution
		Debug|Any CPU = Debug|Any CPU
		Release|Any CPU = Release|Any CPU
	EndGlobalSection
	GlobalSection(ProjectConfigurationPlatforms) = postSolution
		{9103B308-FF92-4C7C-9B71-93E5957F40E4}.Debug|Any CPU.ActiveCfg = Debug|Any CPU
		{9103B308-FF92-4C7C-9B71-93E5957F40E4}.Debug|Any CPU.Build.0 = Debug|Any CPU
		{9103B308-FF92-4C7C-9B71-93E5957F40E4}.Release|Any CPU.ActiveCfg = Release|Any CPU
		{9103B308-FF92-4C7C-9B71-93E5957F40E4}.Release|Any CPU.Build.0 = Release|Any CPU
		{D5213844-B0D9-4EB7-82ED-4EF36C3EECBB}.Debug|Any CPU.ActiveCfg = Debug|Any CPU
		{D5213844-B0D9-4EB7-82ED-4EF36C3EECBB}.Debug|Any CPU.Build.0 = Debug|Any CPU
		{D5213844-B0D9-4EB7-82ED-4EF36C3EECBB}.Debug|Any CPU.Deploy.0 = Debug|Any CPU
		{D5213844-B0D9-4EB7-82ED-4EF36C3EECBB}.Release|Any CPU.ActiveCfg = Release|Any CPU
		{D5213844-B0D9-4EB7-82ED-4EF36C3EECBB}.Release|Any CPU.Build.0 = Release|Any CPU
		{D5213844-B0D9-4EB7-82ED-4EF36C3EECBB}.Release|Any CPU.Deploy.0 = Release|Any CPU
	EndGlobalSection
	GlobalSection(SolutionProperties) = preSolution
		HideSolutionNode = FALSE
	EndGlobalSection
	GlobalSection(ExtensibilityGlobals) = postSolution
		SolutionGuid = {6A5F0297-E660-46F2-8D88-AFFA134CBFED}
	EndGlobalSection
EndGlobal
